{
  "name": "email.z",
  "version": "1.0.0",
  "lockfileVersion": 2,
  "requires": true,
  "packages": {
    "": {
      "name": "email.z",
      "version": "1.0.0",
      "license": "ISC",
      "dependencies": {
        "@openzeppelin/contracts": "^4.3.2"
      }
    },
    "node_modules/@openzeppelin/contracts": {
      "version": "4.3.2",
      "resolved": "https://registry.npmjs.org/@openzeppelin/contracts/-/contracts-4.3.2.tgz",
      "integrity": "sha512-AybF1cesONZStg5kWf6ao9OlqTZuPqddvprc0ky7lrUVOjXeKpmQ2Y9FK+6ygxasb+4aic4O5pneFBfwVsRRRg=="
    }
  },
  "dependencies": {
    "@openzeppelin/contracts": {
      "version": "4.3.2",
      "resolved": "https://registry.npmjs.org/@openzeppelin/contracts/-/contracts-4.3.2.tgz",
      "integrity": "sha512-AybF1cesONZStg5kWf6ao9OlqTZuPqddvprc0ky7lrUVOjXeKpmQ2Y9FK+6ygxasb+4aic4O5pneFBfwVsRRRg=="
    }
  }
}
