{
  "name": "email.z",
  "version": "1.0.0",
  "lockfileVersion": 2,
  "requires": true,
  "packages": {
    "": {
      "name": "email.z",
      "version": "1.0.0",
      "license": "ISC",
      "dependencies": {
        "@openzeppelin/contracts": "^4.3.3"
      }
    },
    "node_modules/@openzeppelin/contracts": {
      "version": "4.3.3",
      "resolved": "https://registry.npmjs.org/@openzeppelin/contracts/-/contracts-4.3.3.tgz",
      "integrity": "sha512-tDBopO1c98Yk7Cv/PZlHqrvtVjlgK5R4J6jxLwoO7qxK4xqOiZG+zSkIvGFpPZ0ikc3QOED3plgdqjgNTnBc7g=="
    }
  },
  "dependencies": {
    "@openzeppelin/contracts": {
      "version": "4.3.3",
      "resolved": "https://registry.npmjs.org/@openzeppelin/contracts/-/contracts-4.3.3.tgz",
      "integrity": "sha512-tDBopO1c98Yk7Cv/PZlHqrvtVjlgK5R4J6jxLwoO7qxK4xqOiZG+zSkIvGFpPZ0ikc3QOED3plgdqjgNTnBc7g=="
    }
  }
}
